<Solution>
  <Folder Name="/src/">
    <Project Path="src/EventManagementApp.API/EventManagementApp.API.csproj" />
    <Project Path="src/EventManagementApp.Application/EventManagementApp.Application.csproj" />
    <Project Path="src/EventManagementApp.Domain/EventManagementApp.Domain.csproj" />
    <Project Path="src/EventManagementApp.Infrastructure/EventManagementApp.Infrastructure.csproj" />
  </Folder>
</Solution>
